
Microsoft Visual Studio Solution File, Format Version 12.00
# Visual Studio Version 17
VisualStudioVersion = 17.0.31903.59
MinimumVisualStudioVersion = 10.0.40219.1
Project("{FAE04EC0-301F-11D3-BF4B-00C04F79EFBC}") = "FindBugs", "FindBugs\FindBugs.csproj", "{AB9BCF71-1A3C-4F97-8D96-1727A011BBC6}"
EndProject
Project("{FAE04EC0-301F-11D3-BF4B-00C04F79EFBC}") = "PowerSum", "PowerSum\PowerSum.csproj", "{70435E4E-2AB5-4203-BD00-488796AE46B2}"
EndProject
Project("{FAE04EC0-301F-11D3-BF4B-00C04F79EFBC}") = "PowerSumTest", "PowerSumTest\PowerSumTest.csproj", "{0F358945-9DEF-48BE-B838-FF16807B6CB8}"
EndProject
Project("{FAE04EC0-301F-11D3-BF4B-00C04F79EFBC}") = "ContactManagerAPI", "ContactManagerAPI\ContactManagerAPI.csproj", "{A2491CD5-FB1C-4526-86B5-C52354580AA7}"
EndProject
Global
	GlobalSection(SolutionConfigurationPlatforms) = preSolution
		Debug|Any CPU = Debug|Any CPU
		Release|Any CPU = Release|Any CPU
	EndGlobalSection
	GlobalSection(SolutionProperties) = preSolution
		HideSolutionNode = FALSE
	EndGlobalSection
	GlobalSection(ProjectConfigurationPlatforms) = postSolution
		{AB9BCF71-1A3C-4F97-8D96-1727A011BBC6}.Debug|Any CPU.ActiveCfg = Debug|Any CPU
		{AB9BCF71-1A3C-4F97-8D96-1727A011BBC6}.Debug|Any CPU.Build.0 = Debug|Any CPU
		{AB9BCF71-1A3C-4F97-8D96-1727A011BBC6}.Release|Any CPU.ActiveCfg = Release|Any CPU
		{AB9BCF71-1A3C-4F97-8D96-1727A011BBC6}.Release|Any CPU.Build.0 = Release|Any CPU
		{70435E4E-2AB5-4203-BD00-488796AE46B2}.Debug|Any CPU.ActiveCfg = Debug|Any CPU
		{70435E4E-2AB5-4203-BD00-488796AE46B2}.Debug|Any CPU.Build.0 = Debug|Any CPU
		{70435E4E-2AB5-4203-BD00-488796AE46B2}.Release|Any CPU.ActiveCfg = Release|Any CPU
		{70435E4E-2AB5-4203-BD00-488796AE46B2}.Release|Any CPU.Build.0 = Release|Any CPU
		{0F358945-9DEF-48BE-B838-FF16807B6CB8}.Debug|Any CPU.ActiveCfg = Debug|Any CPU
		{0F358945-9DEF-48BE-B838-FF16807B6CB8}.Debug|Any CPU.Build.0 = Debug|Any CPU
		{0F358945-9DEF-48BE-B838-FF16807B6CB8}.Release|Any CPU.ActiveCfg = Release|Any CPU
		{0F358945-9DEF-48BE-B838-FF16807B6CB8}.Release|Any CPU.Build.0 = Release|Any CPU
		{A2491CD5-FB1C-4526-86B5-C52354580AA7}.Debug|Any CPU.ActiveCfg = Debug|Any CPU
		{A2491CD5-FB1C-4526-86B5-C52354580AA7}.Debug|Any CPU.Build.0 = Debug|Any CPU
		{A2491CD5-FB1C-4526-86B5-C52354580AA7}.Release|Any CPU.ActiveCfg = Release|Any CPU
		{A2491CD5-FB1C-4526-86B5-C52354580AA7}.Release|Any CPU.Build.0 = Release|Any CPU
	EndGlobalSection
EndGlobal
